{
  "name": "Lad_task_2022_august",
  "lockfileVersion": 2,
  "requires": true,
  "packages": {
    "": {
      "dependencies": {
        "readline": "^1.3.0",
        "readline-sync": "^1.4.10",
        "tty": "^1.0.1",
        "ttys": "^0.0.3"
      }
    },
    "node_modules/readline": {
      "version": "1.3.0",
      "resolved": "https://registry.npmjs.org/readline/-/readline-1.3.0.tgz",
      "integrity": "sha512-k2d6ACCkiNYz222Fs/iNze30rRJ1iIicW7JuX/7/cozvih6YCkFZH+J6mAFDVgv0dRBaAyr4jDqC95R2y4IADg=="
    },
    "node_modules/readline-sync": {
      "version": "1.4.10",
      "resolved": "https://registry.npmjs.org/readline-sync/-/readline-sync-1.4.10.tgz",
      "integrity": "sha512-gNva8/6UAe8QYepIQH/jQ2qn91Qj0B9sYjMBBs3QOB8F2CXcKgLxQaJRP76sWVRQt+QU+8fAkCbCvjjMFu7Ycw==",
      "engines": {
        "node": ">= 0.8.0"
      }
    },
    "node_modules/tty": {
      "version": "1.0.1",
      "resolved": "https://registry.npmjs.org/tty/-/tty-1.0.1.tgz",
      "integrity": "sha512-yCPqGIuidycVkRigBDshlGDLKu9+p4JKtBQijtYcI7ZnWwak56vwT7y7dGGTcxG+ecjxgWQOPWuvlePmxC5S2w=="
    },
    "node_modules/ttys": {
      "version": "0.0.3",
      "resolved": "https://registry.npmjs.org/ttys/-/ttys-0.0.3.tgz",
      "integrity": "sha512-UCqXRZS2S7U4aVB7Salj3ChPRSsb57ogJpJ1eMCvyowxFOBGsaHKcRU8bovcDwajX1mRbv0IpUnYkoG7Ieo5Zg==",
      "engines": {
        "node": ">= 0.6.0"
      }
    }
  },
  "dependencies": {
    "readline": {
      "version": "1.3.0",
      "resolved": "https://registry.npmjs.org/readline/-/readline-1.3.0.tgz",
      "integrity": "sha512-k2d6ACCkiNYz222Fs/iNze30rRJ1iIicW7JuX/7/cozvih6YCkFZH+J6mAFDVgv0dRBaAyr4jDqC95R2y4IADg=="
    },
    "readline-sync": {
      "version": "1.4.10",
      "resolved": "https://registry.npmjs.org/readline-sync/-/readline-sync-1.4.10.tgz",
      "integrity": "sha512-gNva8/6UAe8QYepIQH/jQ2qn91Qj0B9sYjMBBs3QOB8F2CXcKgLxQaJRP76sWVRQt+QU+8fAkCbCvjjMFu7Ycw=="
    },
    "tty": {
      "version": "1.0.1",
      "resolved": "https://registry.npmjs.org/tty/-/tty-1.0.1.tgz",
      "integrity": "sha512-yCPqGIuidycVkRigBDshlGDLKu9+p4JKtBQijtYcI7ZnWwak56vwT7y7dGGTcxG+ecjxgWQOPWuvlePmxC5S2w=="
    },
    "ttys": {
      "version": "0.0.3",
      "resolved": "https://registry.npmjs.org/ttys/-/ttys-0.0.3.tgz",
      "integrity": "sha512-UCqXRZS2S7U4aVB7Salj3ChPRSsb57ogJpJ1eMCvyowxFOBGsaHKcRU8bovcDwajX1mRbv0IpUnYkoG7Ieo5Zg=="
    }
  }
}
